SITE
  remote: http://community.opscode.com/api/v1
  specs:
    apache2 (1.5.0)
    apt (1.8.4)
    build-essential (1.3.4)
    chef-client (2.1.10)
      cron (>= 0.0.0)
    chef_handler (1.1.4)
    cron (1.2.2)
    dmg (1.1.0)
    git (2.2.0)
      build-essential (>= 0.0.0)
      dmg (>= 0.0.0)
      runit (<= 0.16.2)
      windows (>= 0.0.0)
      yum (>= 0.0.0)
    mysql (2.1.2)
      build-essential (>= 0.0.0)
      openssl (>= 0.0.0)
    nginx (1.3.0)
      build-essential (>= 0.0.0)
      ohai (>= 1.1.4)
    ohai (1.1.6)
    openssl (1.0.0)
    php (1.1.8)
      build-essential (>= 0.0.0)
      mysql (>= 0.0.0)
      xml (>= 0.0.0)
    postfix (2.1.4)
    postgresql (2.2.2)
      openssl (>= 0.0.0)
    python (1.2.2)
      build-essential (>= 0.0.0)
      yum (>= 0.0.0)
    runit (0.16.2)
    varnish (0.9.4)
    windows (1.8.2)
      chef_handler (>= 0.0.0)
    wordpress (1.0.0)
      apache2 (>= 0.99.4)
      mysql (>= 1.0.5)
      openssl (>= 0.0.0)
      php (>= 0.0.0)
    xml (1.1.2)
      build-essential (>= 0.0.0)
    yum (2.1.0)

GIT
  remote: https://github.com/msonnabaum/chef-drush.git
  ref: master
  sha: 0753dfb106102da0fed54945b2df6f3811b6d93f
  specs:
    drush (0.10.0)
      php (>= 0.0.0)

GIT
  remote: https://github.com/walkah/chef-openphoto.git
  ref: master
  sha: 24131665aef4494351b5574a3029244d9a1e5199
  specs:
    openphoto (0.0.1)
      apache2 (>= 0.0.0)
      build-essential (>= 0.0.0)
      git (>= 0.0.0)
      mysql (>= 0.0.0)
      openssl (>= 0.0.0)
      php (>= 0.0.0)

DEPENDENCIES
  apache2 (>= 0)
  apt (>= 0)
  build-essential (>= 0)
  chef-client (>= 0)
  chef-client (>= 0)
  drush (>= 0)
  git (>= 0)
  mysql (>= 0)
  nginx (>= 0)
  openphoto (>= 0)
  openssl (>= 0)
  php (>= 0)
  postfix (>= 0)
  postgresql (>= 0)
  python (>= 0)
  varnish (>= 0)
  wordpress (>= 0)

